// !$*UTF8*$!
{
	archiveVersion = 1;
	classes = {
	};
	objectVersion = 55;
	objects = {

/* Begin PBXBuildFile section */
		18840A1528F7C8BD001229AF /* AppDelegate.swift in Sources */ = {isa = PBXBuildFile; fileRef = 18840A1428F7C8BD001229AF /* AppDelegate.swift */; };
		18840A1728F7C8BD001229AF /* SceneDelegate.swift in Sources */ = {isa = PBXBuildFile; fileRef = 18840A1628F7C8BD001229AF /* SceneDelegate.swift */; };
		18840A1928F7C8BD001229AF /* ViewController.swift in Sources */ = {isa = PBXBuildFile; fileRef = 18840A1828F7C8BD001229AF /* ViewController.swift */; };
		18840A1C28F7C8BD001229AF /* Main.storyboard in Resources */ = {isa = PBXBuildFile; fileRef = 18840A1A28F7C8BD001229AF /* Main.storyboard */; };
		18840A1E28F7C8BE001229AF /* Assets.xcassets in Resources */ = {isa = PBXBuildFile; fileRef = 18840A1D28F7C8BE001229AF /* Assets.xcassets */; };
		18840A2128F7C8BE001229AF /* LaunchScreen.storyboard in Resources */ = {isa = PBXBuildFile; fileRef = 18840A1F28F7C8BE001229AF /* LaunchScreen.storyboard */; };
		18840A2C28F7C8BE001229AF /* app_2Tests.swift in Sources */ = {isa = PBXBuildFile; fileRef = 18840A2B28F7C8BE001229AF /* app_2Tests.swift */; };
		18840A3628F7C8BE001229AF /* app_2UITests.swift in Sources */ = {isa = PBXBuildFile; fileRef = 18840A3528F7C8BE001229AF /* app_2UITests.swift */; };
		18840A3828F7C8BE001229AF /* app_2UITestsLaunchTests.swift in Sources */ = {isa = PBXBuildFile; fileRef = 18840A3728F7C8BE001229AF /* app_2UITestsLaunchTests.swift */; };
		18840A4528F7D0BB001229AF /* 37396-1-suit-image.png in Resources */ = {isa = PBXBuildFile; fileRef = 18840A4428F7D0BA001229AF /* 37396-1-suit-image.png */; };
		18840A4728F7D113001229AF /* sd.jpeg in Resources */ = {isa = PBXBuildFile; fileRef = 18840A4628F7D113001229AF /* sd.jpeg */; };
		18840A4B28F7E876001229AF /* beep-08b.mp3 in Resources */ = {isa = PBXBuildFile; fileRef = 18840A4A28F7E876001229AF /* beep-08b.mp3 */; };
/* End PBXBuildFile section */

/* Begin PBXContainerItemProxy section */
		18840A2828F7C8BE001229AF /* PBXContainerItemProxy */ = {
			isa = PBXContainerItemProxy;
			containerPortal = 18840A0928F7C8BD001229AF /* Project object */;
			proxyType = 1;
			remoteGlobalIDString = 18840A1028F7C8BD001229AF;
			remoteInfo = app_2;
		};
		18840A3228F7C8BE001229AF /* PBXContainerItemProxy */ = {
			isa = PBXContainerItemProxy;
			containerPortal = 18840A0928F7C8BD001229AF /* Project object */;
			proxyType = 1;
			remoteGlobalIDString = 18840A1028F7C8BD001229AF;
			remoteInfo = app_2;
		};
/* End PBXContainerItemProxy section */

/* Begin PBXFileReference section */
		18840A1128F7C8BD001229AF /* app_2.app */ = {isa = PBXFileReference; explicitFileType = wrapper.application; includeInIndex = 0; path = app_2.app; sourceTree = BUILT_PRODUCTS_DIR; };
		18840A1428F7C8BD001229AF /* AppDelegate.swift */ = {isa = PBXFileReference; lastKnownFileType = sourcecode.swift; path = AppDelegate.swift; sourceTree = "<group>"; };
		18840A1628F7C8BD001229AF /* SceneDelegate.swift */ = {isa = PBXFileReference; lastKnownFileType = sourcecode.swift; path = SceneDelegate.swift; sourceTree = "<group>"; };
		18840A1828F7C8BD001229AF /* ViewController.swift */ = {isa = PBXFileReference; lastKnownFileType = sourcecode.swift; path = ViewController.swift; sourceTree = "<group>"; };
		18840A1B28F7C8BD001229AF /* Base */ = {isa = PBXFileReference; lastKnownFileType = file.storyboard; name = Base; path = Base.lproj/Main.storyboard; sourceTree = "<group>"; };
		18840A1D28F7C8BE001229AF /* Assets.xcassets */ = {isa = PBXFileReference; lastKnownFileType = folder.assetcatalog; path = Assets.xcassets; sourceTree = "<group>"; };
		18840A2028F7C8BE001229AF /* Base */ = {isa = PBXFileReference; lastKnownFileType = file.storyboard; name = Base; path = Base.lproj/LaunchScreen.storyboard; sourceTree = "<group>"; };
		18840A2228F7C8BE001229AF /* Info.plist */ = {isa = PBXFileReference; lastKnownFileType = text.plist.xml; path = Info.plist; sourceTree = "<group>"; };
		18840A2728F7C8BE001229AF /* app_2Tests.xctest */ = {isa = PBXFileReference; explicitFileType = wrapper.cfbundle; includeInIndex = 0; path = app_2Tests.xctest; sourceTree = BUILT_PRODUCTS_DIR; };
		18840A2B28F7C8BE001229AF /* app_2Tests.swift */ = {isa = PBXFileReference; lastKnownFileType = sourcecode.swift; path = app_2Tests.swift; sourceTree = "<group>"; };
		18840A3128F7C8BE001229AF /* app_2UITests.xctest */ = {isa = PBXFileReference; explicitFileType = wrapper.cfbundle; includeInIndex = 0; path = app_2UITests.xctest; sourceTree = BUILT_PRODUCTS_DIR; };
		18840A3528F7C8BE001229AF /* app_2UITests.swift */ = {isa = PBXFileReference; lastKnownFileType = sourcecode.swift; path = app_2UITests.swift; sourceTree = "<group>"; };
		18840A3728F7C8BE001229AF /* app_2UITestsLaunchTests.swift */ = {isa = PBXFileReference; lastKnownFileType = sourcecode.swift; path = app_2UITestsLaunchTests.swift; sourceTree = "<group>"; };
		18840A4428F7D0BA001229AF /* 37396-1-suit-image.png */ = {isa = PBXFileReference; lastKnownFileType = image.png; path = "37396-1-suit-image.png"; sourceTree = "<group>"; };
		18840A4628F7D113001229AF /* sd.jpeg */ = {isa = PBXFileReference; lastKnownFileType = image.jpeg; path = sd.jpeg; sourceTree = "<group>"; };
		18840A4A28F7E876001229AF /* beep-08b.mp3 */ = {isa = PBXFileReference; lastKnownFileType = audio.mp3; path = "beep-08b.mp3"; sourceTree = "<group>"; };
/* End PBXFileReference section */

/* Begin PBXFrameworksBuildPhase section */
		18840A0E28F7C8BD001229AF /* Frameworks */ = {
			isa = PBXFrameworksBuildPhase;
			buildActionMask = 2147483647;
			files = (
			);
			runOnlyForDeploymentPostprocessing = 0;
		};
		18840A2428F7C8BE001229AF /* Frameworks */ = {
			isa = PBXFrameworksBuildPhase;
			buildActionMask = 2147483647;
			files = (
			);
			runOnlyForDeploymentPostprocessing = 0;
		};
		18840A2E28F7C8BE001229AF /* Frameworks */ = {
			isa = PBXFrameworksBuildPhase;
			buildActionMask = 2147483647;
			files = (
			);
			runOnlyForDeploymentPostprocessing = 0;
		};
/* End PBXFrameworksBuildPhase section */

/* Begin PBXGroup section */
		18840A0828F7C8BD001229AF = {
			isa = PBXGroup;
			children = (
				18840A1328F7C8BD001229AF /* app_2 */,
				18840A2A28F7C8BE001229AF /* app_2Tests */,
				18840A3428F7C8BE001229AF /* app_2UITests */,
				18840A1228F7C8BD001229AF /* Products */,
			);
			sourceTree = "<group>";
		};
		18840A1228F7C8BD001229AF /* Products */ = {
			isa = PBXGroup;
			children = (
				18840A1128F7C8BD001229AF /* app_2.app */,
				18840A2728F7C8BE001229AF /* app_2Tests.xctest */,
				18840A3128F7C8BE001229AF /* app_2UITests.xctest */,
			);
			name = Products;
			sourceTree = "<group>";
		};
		18840A1328F7C8BD001229AF /* app_2 */ = {
			isa = PBXGroup;
			children = (
				18840A1428F7C8BD001229AF /* AppDelegate.swift */,
				18840A1628F7C8BD001229AF /* SceneDelegate.swift */,
				18840A1828F7C8BD001229AF /* ViewController.swift */,
				18840A1A28F7C8BD001229AF /* Main.storyboard */,
				18840A1D28F7C8BE001229AF /* Assets.xcassets */,
				18840A4A28F7E876001229AF /* beep-08b.mp3 */,
				18840A4628F7D113001229AF /* sd.jpeg */,
				18840A4428F7D0BA001229AF /* 37396-1-suit-image.png */,
				18840A1F28F7C8BE001229AF /* LaunchScreen.storyboard */,
				18840A2228F7C8BE001229AF /* Info.plist */,
			);
			path = app_2;
			sourceTree = "<group>";
		};
		18840A2A28F7C8BE001229AF /* app_2Tests */ = {
			isa = PBXGroup;
			children = (
				18840A2B28F7C8BE001229AF /* app_2Tests.swift */,
			);
			path = app_2Tests;
			sourceTree = "<group>";
		};
		18840A3428F7C8BE001229AF /* app_2UITests */ = {
			isa = PBXGroup;
			children = (
				18840A3528F7C8BE001229AF /* app_2UITests.swift */,
				18840A3728F7C8BE001229AF /* app_2UITestsLaunchTests.swift */,
			);
			path = app_2UITests;
			sourceTree = "<group>";
		};
/* End PBXGroup section */

/* Begin PBXNativeTarget section */
		18840A1028F7C8BD001229AF /* app_2 */ = {
			isa = PBXNativeTarget;
			buildConfigurationList = 18840A3B28F7C8BE001229AF /* Build configuration list for PBXNativeTarget "app_2" */;
			buildPhases = (
				18840A0D28F7C8BD001229AF /* Sources */,
				18840A0E28F7C8BD001229AF /* Frameworks */,
				18840A0F28F7C8BD001229AF /* Resources */,
			);
			buildRules = (
			);
			dependencies = (
			);
			name = app_2;
			productName = app_2;
			productReference = 18840A1128F7C8BD001229AF /* app_2.app */;
			productType = "com.apple.product-type.application";
		};
		18840A2628F7C8BE001229AF /* app_2Tests */ = {
			isa = PBXNativeTarget;
			buildConfigurationList = 18840A3E28F7C8BE001229AF /* Build configuration list for PBXNativeTarget "app_2Tests" */;
			buildPhases = (
				18840A2328F7C8BE001229AF /* Sources */,
				18840A2428F7C8BE001229AF /* Frameworks */,
				18840A2528F7C8BE001229AF /* Resources */,
			);
			buildRules = (
			);
			dependencies = (
				18840A2928F7C8BE001229AF /* PBXTargetDependency */,
			);
			name = app_2Tests;
			productName = app_2Tests;
			productReference = 18840A2728F7C8BE001229AF /* app_2Tests.xctest */;
			productType = "com.apple.product-type.bundle.unit-test";
		};
		18840A3028F7C8BE001229AF /* app_2UITests */ = {
			isa = PBXNativeTarget;
			buildConfigurationList = 18840A4128F7C8BE001229AF /* Build configuration list for PBXNativeTarget "app_2UITests" */;
			buildPhases = (
				18840A2D28F7C8BE001229AF /* Sources */,
				18840A2E28F7C8BE001229AF /* Frameworks */,
				18840A2F28F7C8BE001229AF /* Resources */,
			);
			buildRules = (
			);
			dependencies = (
				18840A3328F7C8BE001229AF /* PBXTargetDependency */,
			);
			name = app_2UITests;
			productName = app_2UITests;
			productReference = 18840A3128F7C8BE001229AF /* app_2UITests.xctest */;
			productType = "com.apple.product-type.bundle.ui-testing";
		};
/* End PBXNativeTarget section */

/* Begin PBXProject section */
		18840A0928F7C8BD001229AF /* Project object */ = {
			isa = PBXProject;
			attributes = {
				BuildIndependentTargetsInParallel = 1;
				LastSwiftUpdateCheck = 1340;
				LastUpgradeCheck = 1340;
				TargetAttributes = {
					18840A1028F7C8BD001229AF = {
						CreatedOnToolsVersion = 13.4.1;
					};
					18840A2628F7C8BE001229AF = {
						CreatedOnToolsVersion = 13.4.1;
						TestTargetID = 18840A1028F7C8BD001229AF;
					};
					18840A3028F7C8BE001229AF = {
						CreatedOnToolsVersion = 13.4.1;
						TestTargetID = 18840A1028F7C8BD001229AF;
					};
				};
			};
			buildConfigurationList = 18840A0C28F7C8BD001229AF /* Build configuration list for PBXProject "app_2" */;
			compatibilityVersion = "Xcode 13.0";
			developmentRegion = en;
			hasScannedForEncodings = 0;
			knownRegions = (
				en,
				Base,
			);
			mainGroup = 18840A0828F7C8BD001229AF;
			productRefGroup = 18840A1228F7C8BD001229AF /* Products */;
			projectDirPath = "";
			projectRoot = "";
			targets = (
				18840A1028F7C8BD001229AF /* app_2 */,
				18840A2628F7C8BE001229AF /* app_2Tests */,
				18840A3028F7C8BE001229AF /* app_2UITests */,
			);
		};
/* End PBXProject section */

/* Begin PBXResourcesBuildPhase section */
		18840A0F28F7C8BD001229AF /* Resources */ = {
			isa = PBXResourcesBuildPhase;
			buildActionMask = 2147483647;
			files = (
				18840A2128F7C8BE001229AF /* LaunchScreen.storyboard in Resources */,
				18840A4528F7D0BB001229AF /* 37396-1-suit-image.png in Resources */,
				18840A1E28F7C8BE001229AF /* Assets.xcassets in Resources */,
				18840A4728F7D113001229AF /* sd.jpeg in Resources */,
				18840A1C28F7C8BD001229AF /* Main.storyboard in Resources */,
				18840A4B28F7E876001229AF /* beep-08b.mp3 in Resources */,
			);
			runOnlyForDeploymentPostprocessing = 0;
		};
		18840A2528F7C8BE001229AF /* Resources */ = {
			isa = PBXResourcesBuildPhase;
			buildActionMask = 2147483647;
			files = (
			);
			runOnlyForDeploymentPostprocessing = 0;
		};
		18840A2F28F7C8BE001229AF /* Resources */ = {
			isa = PBXResourcesBuildPhase;
			buildActionMask = 2147483647;
			files = (
			);
			runOnlyForDeploymentPostprocessing = 0;
		};
/* End PBXResourcesBuildPhase section */

/* Begin PBXSourcesBuildPhase section */
		18840A0D28F7C8BD001229AF /* Sources */ = {
			isa = PBXSourcesBuildPhase;
			buildActionMask = 2147483647;
			files = (
				18840A1928F7C8BD001229AF /* ViewController.swift in Sources */,
				18840A1528F7C8BD001229AF /* AppDelegate.swift in Sources */,
				18840A1728F7C8BD001229AF /* SceneDelegate.swift in Sources */,
			);
			runOnlyForDeploymentPostprocessing = 0;
		};
		18840A2328F7C8BE001229AF /* Sources */ = {
			isa = PBXSourcesBuildPhase;
			buildActionMask = 2147483647;
			files = (
				18840A2C28F7C8BE001229AF /* app_2Tests.swift in Sources */,
			);
			runOnlyForDeploymentPostprocessing = 0;
		};
		18840A2D28F7C8BE001229AF /* Sources */ = {
			isa = PBXSourcesBuildPhase;
			buildActionMask = 2147483647;
			files = (
				18840A3628F7C8BE001229AF /* app_2UITests.swift in Sources */,
				18840A3828F7C8BE001229AF /* app_2UITestsLaunchTests.swift in Sources */,
			);
			runOnlyForDeploymentPostprocessing = 0;
		};
/* End PBXSourcesBuildPhase section */

/* Begin PBXTargetDependency section */
		18840A2928F7C8BE001229AF /* PBXTargetDependency */ = {
			isa = PBXTargetDependency;
			target = 18840A1028F7C8BD001229AF /* app_2 */;
			targetProxy = 18840A2828F7C8BE001229AF /* PBXContainerItemProxy */;
		};
		18840A3328F7C8BE001229AF /* PBXTargetDependency */ = {
			isa = PBXTargetDependency;
			target = 18840A1028F7C8BD001229AF /* app_2 */;
			targetProxy = 18840A3228F7C8BE001229AF /* PBXContainerItemProxy */;
		};
/* End PBXTargetDependency section */

/* Begin PBXVariantGroup section */
		18840A1A28F7C8BD001229AF /* Main.storyboard */ = {
			isa = PBXVariantGroup;
			children = (
				18840A1B28F7C8BD001229AF /* Base */,
			);
			name = Main.storyboard;
			sourceTree = "<group>";
		};
		18840A1F28F7C8BE001229AF /* LaunchScreen.storyboard */ = {
			isa = PBXVariantGroup;
			children = (
				18840A2028F7C8BE001229AF /* Base */,
			);
			name = LaunchScreen.storyboard;
			sourceTree = "<group>";
		};
/* End PBXVariantGroup section */

/* Begin XCBuildConfiguration section */
		18840A3928F7C8BE001229AF /* Debug */ = {
			isa = XCBuildConfiguration;
			buildSettings = {
				ALWAYS_SEARCH_USER_PATHS = NO;
				CLANG_ANALYZER_NONNULL = YES;
				CLANG_ANALYZER_NUMBER_OBJECT_CONVERSION = YES_AGGRESSIVE;
				CLANG_CXX_LANGUAGE_STANDARD = "gnu++17";
				CLANG_ENABLE_MODULES = YES;
				CLANG_ENABLE_OBJC_ARC = YES;
				CLANG_ENABLE_OBJC_WEAK = YES;
				CLANG_WARN_BLOCK_CAPTURE_AUTORELEASING = YES;
				CLANG_WARN_BOOL_CONVERSION = YES;
				CLANG_WARN_COMMA = YES;
				CLANG_WARN_CONSTANT_CONVERSION = YES;
				CLANG_WARN_DEPRECATED_OBJC_IMPLEMENTATIONS = YES;
				CLANG_WARN_DIRECT_OBJC_ISA_USAGE = YES_ERROR;
				CLANG_WARN_DOCUMENTATION_COMMENTS = YES;
				CLANG_WARN_EMPTY_BODY = YES;
				CLANG_WARN_ENUM_CONVERSION = YES;
				CLANG_WARN_INFINITE_RECURSION = YES;
				CLANG_WARN_INT_CONVERSION = YES;
				CLANG_WARN_NON_LITERAL_NULL_CONVERSION = YES;
				CLANG_WARN_OBJC_IMPLICIT_RETAIN_SELF = YES;
				CLANG_WARN_OBJC_LITERAL_CONVERSION = YES;
				CLANG_WARN_OBJC_ROOT_CLASS = YES_ERROR;
				CLANG_WARN_QUOTED_INCLUDE_IN_FRAMEWORK_HEADER = YES;
				CLANG_WARN_RANGE_LOOP_ANALYSIS = YES;
				CLANG_WARN_STRICT_PROTOTYPES = YES;
				CLANG_WARN_SUSPICIOUS_MOVE = YES;
				CLANG_WARN_UNGUARDED_AVAILABILITY = YES_AGGRESSIVE;
				CLANG_WARN_UNREACHABLE_CODE = YES;
				CLANG_WARN__DUPLICATE_METHOD_MATCH = YES;
				COPY_PHASE_STRIP = NO;
				DEBUG_INFORMATION_FORMAT = dwarf;
				ENABLE_STRICT_OBJC_MSGSEND = YES;
				ENABLE_TESTABILITY = YES;
				GCC_C_LANGUAGE_STANDARD = gnu11;
				GCC_DYNAMIC_NO_PIC = NO;
				GCC_NO_COMMON_BLOCKS = YES;
				GCC_OPTIMIZATION_LEVEL = 0;
				GCC_PREPROCESSOR_DEFINITIONS = (
					"DEBUG=1",
					"$(inherited)",
				);
				GCC_WARN_64_TO_32_BIT_CONVERSION = YES;
				GCC_WARN_ABOUT_RETURN_TYPE = YES_ERROR;
				GCC_WARN_UNDECLARED_SELECTOR = YES;
				GCC_WARN_UNINITIALIZED_AUTOS = YES_AGGRESSIVE;
				GCC_WARN_UNUSED_FUNCTION = YES;
				GCC_WARN_UNUSED_VARIABLE = YES;
				IPHONEOS_DEPLOYMENT_TARGET = 15.5;
				MTL_ENABLE_DEBUG_INFO = INCLUDE_SOURCE;
				MTL_FAST_MATH = YES;
				ONLY_ACTIVE_ARCH = YES;
				SDKROOT = iphoneos;
				SWIFT_ACTIVE_COMPILATION_CONDITIONS = DEBUG;
				SWIFT_OPTIMIZATION_LEVEL = "-Onone";
			};
			name = Debug;
		};
		18840A3A28F7C8BE001229AF /* Release */ = {
			isa = XCBuildConfiguration;
			buildSettings = {
				ALWAYS_SEARCH_USER_PATHS = NO;
				CLANG_ANALYZER_NONNULL = YES;
				CLANG_ANALYZER_NUMBER_OBJECT_CONVERSION = YES_AGGRESSIVE;
				CLANG_CXX_LANGUAGE_STANDARD = "gnu++17";
				CLANG_ENABLE_MODULES = YES;
				CLANG_ENABLE_OBJC_ARC = YES;
				CLANG_ENABLE_OBJC_WEAK = YES;
				CLANG_WARN_BLOCK_CAPTURE_AUTORELEASING = YES;
				CLANG_WARN_BOOL_CONVERSION = YES;
				CLANG_WARN_COMMA = YES;
				CLANG_WARN_CONSTANT_CONVERSION = YES;
				CLANG_WARN_DEPRECATED_OBJC_IMPLEMENTATIONS = YES;
				CLANG_WARN_DIRECT_OBJC_ISA_USAGE = YES_ERROR;
				CLANG_WARN_DOCUMENTATION_COMMENTS = YES;
				CLANG_WARN_EMPTY_BODY = YES;
				CLANG_WARN_ENUM_CONVERSION = YES;
				CLANG_WARN_INFINITE_RECURSION = YES;
				CLANG_WARN_INT_CONVERSION = YES;
				CLANG_WARN_NON_LITERAL_NULL_CONVERSION = YES;
				CLANG_WARN_OBJC_IMPLICIT_RETAIN_SELF = YES;
				CLANG_WARN_OBJC_LITERAL_CONVERSION = YES;
				CLANG_WARN_OBJC_ROOT_CLASS = YES_ERROR;
				CLANG_WARN_QUOTED_INCLUDE_IN_FRAMEWORK_HEADER = YES;
				CLANG_WARN_RANGE_LOOP_ANALYSIS = YES;
				CLANG_WARN_STRICT_PROTOTYPES = YES;
				CLANG_WARN_SUSPICIOUS_MOVE = YES;
				CLANG_WARN_UNGUARDED_AVAILABILITY = YES_AGGRESSIVE;
				CLANG_WARN_UNREACHABLE_CODE = YES;
				CLANG_WARN__DUPLICATE_METHOD_MATCH = YES;
				COPY_PHASE_STRIP = NO;
				DEBUG_INFORMATION_FORMAT = "dwarf-with-dsym";
				ENABLE_NS_ASSERTIONS = NO;
				ENABLE_STRICT_OBJC_MSGSEND = YES;
				GCC_C_LANGUAGE_STANDARD = gnu11;
				GCC_NO_COMMON_BLOCKS = YES;
				GCC_WARN_64_TO_32_BIT_CONVERSION = YES;
				GCC_WARN_ABOUT_RETURN_TYPE = YES_ERROR;
				GCC_WARN_UNDECLARED_SELECTOR = YES;
				GCC_WARN_UNINITIALIZED_AUTOS = YES_AGGRESSIVE;
				GCC_WARN_UNUSED_FUNCTION = YES;
				GCC_WARN_UNUSED_VARIABLE = YES;
				IPHONEOS_DEPLOYMENT_TARGET = 15.5;
				MTL_ENABLE_DEBUG_INFO = NO;
				MTL_FAST_MATH = YES;
				SDKROOT = iphoneos;
				SWIFT_COMPILATION_MODE = wholemodule;
				SWIFT_OPTIMIZATION_LEVEL = "-O";
				VALIDATE_PRODUCT = YES;
			};
			name = Release;
		};
		18840A3C28F7C8BE001229AF /* Debug */ = {
			isa = XCBuildConfiguration;
			buildSettings = {
				ASSETCATALOG_COMPILER_APPICON_NAME = AppIcon;
				ASSETCATALOG_COMPILER_GLOBAL_ACCENT_COLOR_NAME = AccentColor;
				CODE_SIGN_STYLE = Automatic;
				CURRENT_PROJECT_VERSION = 1;
				GENERATE_INFOPLIST_FILE = YES;
				INFOPLIST_FILE = app_2/Info.plist;
				INFOPLIST_KEY_UIApplicationSupportsIndirectInputEvents = YES;
				INFOPLIST_KEY_UILaunchStoryboardName = LaunchScreen;
				INFOPLIST_KEY_UIMainStoryboardFile = Main;
				INFOPLIST_KEY_UISupportedInterfaceOrientations_iPad = "UIInterfaceOrientationPortrait UIInterfaceOrientationPortraitUpsideDown UIInterfaceOrientationLandscapeLeft UIInterfaceOrientationLandscapeRight";
				INFOPLIST_KEY_UISupportedInterfaceOrientations_iPhone = "UIInterfaceOrientationPortrait UIInterfaceOrientationLandscapeLeft UIInterfaceOrientationLandscapeRight";
				LD_RUNPATH_SEARCH_PATHS = (
					"$(inherited)",
					"@executable_path/Frameworks",
				);
				MARKETING_VERSION = 1.0;
				PRODUCT_BUNDLE_IDENTIFIER = "IOS.app-2";
				PRODUCT_NAME = "$(TARGET_NAME)";
				SWIFT_EMIT_LOC_STRINGS = YES;
				SWIFT_VERSION = 5.0;
				TARGETED_DEVICE_FAMILY = "1,2";
			};
			name = Debug;
		};
		18840A3D28F7C8BE001229AF /* Release */ = {
			isa = XCBuildConfiguration;
			buildSettings = {
				ASSETCATALOG_COMPILER_APPICON_NAME = AppIcon;
				ASSETCATALOG_COMPILER_GLOBAL_ACCENT_COLOR_NAME = AccentColor;
				CODE_SIGN_STYLE = Automatic;
				CURRENT_PROJECT_VERSION = 1;
				GENERATE_INFOPLIST_FILE = YES;
				INFOPLIST_FILE = app_2/Info.plist;
				INFOPLIST_KEY_UIApplicationSupportsIndirectInputEvents = YES;
				INFOPLIST_KEY_UILaunchStoryboardName = LaunchScreen;
				INFOPLIST_KEY_UIMainStoryboardFile = Main;
				INFOPLIST_KEY_UISupportedInterfaceOrientations_iPad = "UIInterfaceOrientationPortrait UIInterfaceOrientationPortraitUpsideDown UIInterfaceOrientationLandscapeLeft UIInterfaceOrientationLandscapeRight";
				INFOPLIST_KEY_UISupportedInterfaceOrientations_iPhone = "UIInterfaceOrientationPortrait UIInterfaceOrientationLandscapeLeft UIInterfaceOrientationLandscapeRight";
				LD_RUNPATH_SEARCH_PATHS = (
					"$(inherited)",
					"@executable_path/Frameworks",
				);
				MARKETING_VERSION = 1.0;
				PRODUCT_BUNDLE_IDENTIFIER = "IOS.app-2";
				PRODUCT_NAME = "$(TARGET_NAME)";
				SWIFT_EMIT_LOC_STRINGS = YES;
				SWIFT_VERSION = 5.0;
				TARGETED_DEVICE_FAMILY = "1,2";
			};
			name = Release;
		};
		18840A3F28F7C8BE001229AF /* Debug */ = {
			isa = XCBuildConfiguration;
			buildSettings = {
				ALWAYS_EMBED_SWIFT_STANDARD_LIBRARIES = YES;
				BUNDLE_LOADER = "$(TEST_HOST)";
				CODE_SIGN_STYLE = Automatic;
				CURRENT_PROJECT_VERSION = 1;
				GENERATE_INFOPLIST_FILE = YES;
				IPHONEOS_DEPLOYMENT_TARGET = 15.5;
				MARKETING_VERSION = 1.0;
				PRODUCT_BUNDLE_IDENTIFIER = "IOS.app-2Tests";
				PRODUCT_NAME = "$(TARGET_NAME)";
				SWIFT_EMIT_LOC_STRINGS = NO;
				SWIFT_VERSION = 5.0;
				TARGETED_DEVICE_FAMILY = "1,2";
				TEST_HOST = "$(BUILT_PRODUCTS_DIR)/app_2.app/app_2";
			};
			name = Debug;
		};
		18840A4028F7C8BE001229AF /* Release */ = {
			isa = XCBuildConfiguration;
			buildSettings = {
				ALWAYS_EMBED_SWIFT_STANDARD_LIBRARIES = YES;
				BUNDLE_LOADER = "$(TEST_HOST)";
				CODE_SIGN_STYLE = Automatic;
				CURRENT_PROJECT_VERSION = 1;
				GENERATE_INFOPLIST_FILE = YES;
				IPHONEOS_DEPLOYMENT_TARGET = 15.5;
				MARKETING_VERSION = 1.0;
				PRODUCT_BUNDLE_IDENTIFIER = "IOS.app-2Tests";
				PRODUCT_NAME = "$(TARGET_NAME)";
				SWIFT_EMIT_LOC_STRINGS = NO;
				SWIFT_VERSION = 5.0;
				TARGETED_DEVICE_FAMILY = "1,2";
				TEST_HOST = "$(BUILT_PRODUCTS_DIR)/app_2.app/app_2";
			};
			name = Release;
		};
		18840A4228F7C8BE001229AF /* Debug */ = {
			isa = XCBuildConfiguration;
			buildSettings = {
				ALWAYS_EMBED_SWIFT_STANDARD_LIBRARIES = YES;
				CODE_SIGN_STYLE = Automatic;
				CURRENT_PROJECT_VERSION = 1;
				GENERATE_INFOPLIST_FILE = YES;
				MARKETING_VERSION = 1.0;
				PRODUCT_BUNDLE_IDENTIFIER = "IOS.app-2UITests";
				PRODUCT_NAME = "$(TARGET_NAME)";
				SWIFT_EMIT_LOC_STRINGS = NO;
				SWIFT_VERSION = 5.0;
				TARGETED_DEVICE_FAMILY = "1,2";
				TEST_TARGET_NAME = app_2;
			};
			name = Debug;
		};
		18840A4328F7C8BE001229AF /* Release */ = {
			isa = XCBuildConfiguration;
			buildSettings = {
				ALWAYS_EMBED_SWIFT_STANDARD_LIBRARIES = YES;
				CODE_SIGN_STYLE = Automatic;
				CURRENT_PROJECT_VERSION = 1;
				GENERATE_INFOPLIST_FILE = YES;
				MARKETING_VERSION = 1.0;
				PRODUCT_BUNDLE_IDENTIFIER = "IOS.app-2UITests";
				PRODUCT_NAME = "$(TARGET_NAME)";
				SWIFT_EMIT_LOC_STRINGS = NO;
				SWIFT_VERSION = 5.0;
				TARGETED_DEVICE_FAMILY = "1,2";
				TEST_TARGET_NAME = app_2;
			};
			name = Release;
		};
/* End XCBuildConfiguration section */

/* Begin XCConfigurationList section */
		18840A0C28F7C8BD001229AF /* Build configuration list for PBXProject "app_2" */ = {
			isa = XCConfigurationList;
			buildConfigurations = (
				18840A3928F7C8BE001229AF /* Debug */,
				18840A3A28F7C8BE001229AF /* Release */,
			);
			defaultConfigurationIsVisible = 0;
			defaultConfigurationName = Release;
		};
		18840A3B28F7C8BE001229AF /* Build configuration list for PBXNativeTarget "app_2" */ = {
			isa = XCConfigurationList;
			buildConfigurations = (
				18840A3C28F7C8BE001229AF /* Debug */,
				18840A3D28F7C8BE001229AF /* Release */,
			);
			defaultConfigurationIsVisible = 0;
			defaultConfigurationName = Release;
		};
		18840A3E28F7C8BE001229AF /* Build configuration list for PBXNativeTarget "app_2Tests" */ = {
			isa = XCConfigurationList;
			buildConfigurations = (
				18840A3F28F7C8BE001229AF /* Debug */,
				18840A4028F7C8BE001229AF /* Release */,
			);
			defaultConfigurationIsVisible = 0;
			defaultConfigurationName = Release;
		};
		18840A4128F7C8BE001229AF /* Build configuration list for PBXNativeTarget "app_2UITests" */ = {
			isa = XCConfigurationList;
			buildConfigurations = (
				18840A4228F7C8BE001229AF /* Debug */,
				18840A4328F7C8BE001229AF /* Release */,
			);
			defaultConfigurationIsVisible = 0;
			defaultConfigurationName = Release;
		};
/* End XCConfigurationList section */
	};
	rootObject = 18840A0928F7C8BD001229AF /* Project object */;
}
